schema: '2.0'
stages:
  pull-recent-tracks:
    cmd: python scripts/hands-free/log_recent_plays.py data/raw/play_history.csv
    deps:
    - path: scripts/hands-free/log_recent_plays.py
      md5: 485754cbde78e44881b5173cd56c1189
      size: 2031
    outs:
    - path: data/raw/play_history.csv
      md5: e24fd82f41b07e4108e174918836c1ee
      size: 3329
  pull-library:
    cmd: python scripts/hands-free/pull_library.py data/raw/library.csv
    deps:
    - path: scripts/hands-free/pull_library.py
      md5: e3980f44aefccda158018217d6a4f74c
      size: 1521
    outs:
    - path: data/raw/library.csv
      md5: a421afb90f4c708e92c0d64088e0eafc
      size: 87241
  pull-audio-features:
    cmd: python scripts/hands-free/pull_audio_features.py data/raw/library.csv data/raw/audio_features.csv
    deps:
    - path: data/raw/library.csv
      md5: a421afb90f4c708e92c0d64088e0eafc
      size: 87241
    - path: scripts/hands-free/pull_audio_features.py
      md5: 2c6dec23b5139b15a67ebb8a9547face
      size: 2324
    outs:
    - path: data/raw/audio_features.csv
      md5: b995c16bb148fb555ba1a4b941fa8d29
      size: 91618
