schema: '2.0'
stages:
  pull-recent-tracks:
    cmd: python scripts/hands-free/log_recent_plays.py data/raw/play_history.csv
    deps:
    - path: scripts/hands-free/log_recent_plays.py
      md5: 485754cbde78e44881b5173cd56c1189
      size: 2031
    outs:
    - path: data/raw/play_history.csv
      md5: 70aee1b31973a0a946e4b528e314ac48
      size: 382313
  pull-library:
    cmd: python scripts/hands-free/pull_library.py data/raw/library.csv
    deps:
    - path: scripts/hands-free/pull_library.py
      md5: e3980f44aefccda158018217d6a4f74c
      size: 1521
    outs:
    - path: data/raw/library.csv
      md5: 1e2409f9e8f0f5291793d8f00d5bd0e8
      size: 142548
  pull-audio-features:
    cmd: python scripts/hands-free/pull_audio_features.py data/raw/library.csv data/raw/audio_features.csv
    deps:
    - path: data/raw/library.csv
      md5: 1e2409f9e8f0f5291793d8f00d5bd0e8
      size: 142548
    - path: scripts/hands-free/pull_audio_features.py
      md5: 2c6dec23b5139b15a67ebb8a9547face
      size: 2324
    outs:
    - path: data/raw/audio_features.csv
      md5: bb84d54ba436e8571972d5cc59100dd5
      size: 148143
  pull-artists:
    cmd: python scripts/hands-free/pull_artists.py data/raw/library.csv data/raw/artists.csv
    deps:
    - path: data/raw/library.csv
      md5: 1e2409f9e8f0f5291793d8f00d5bd0e8
      size: 142548
    - path: scripts/hands-free/pull_audio_features.py
      md5: 2c6dec23b5139b15a67ebb8a9547face
      size: 2324
    outs:
    - path: data/raw/artists.csv
      md5: f60b982badb536236fd9e61a708e5346
      size: 58442
  build-root-playlists@angry_instrumentals:
    cmd: python scripts/hands-free/make_root_playlist.py "playlists/angry_instrumentals.yaml"
      data/raw/library.csv data/raw/audio_features.csv data/raw/artists.csv "data/processed/angry_instrumentals.csv"
    deps:
    - path: data/raw/artists.csv
      md5: 2608b6b3fe2ebe4b25f511641338ef02
      size: 42596
    - path: data/raw/audio_features.csv
      md5: 21399494ae636911fefb0401ef93ff90
      size: 91904
    - path: data/raw/library.csv
      md5: ea8ab2a4d288073f04bc72fd2a843479
      size: 87484
    - path: playlists/angry_instrumentals.yaml
      md5: 78bcdd2abefc186b212339f18457000d
      size: 146
    - path: scripts/hands-free/make_root_playlist.py
      md5: 034548bf992b46702558722b62bad6f9
      size: 6967
    outs:
    - path: data/processed/angry_instrumentals.csv
      md5: c08c5d3b927a82a3ee35ae618f984fe2
      size: 10286
  build-hands-free-root-playlists@angry_instrumentals:
    cmd: python scripts/hands-free/make_root_playlist.py "playlists/angry_instrumentals.yaml"
      data/raw/library.csv data/raw/audio_features.csv data/raw/artists.csv "data/processed/angry_instrumentals.csv"
    deps:
    - path: data/raw/artists.csv
      md5: f60b982badb536236fd9e61a708e5346
      size: 58442
    - path: data/raw/audio_features.csv
      md5: bb84d54ba436e8571972d5cc59100dd5
      size: 148143
    - path: data/raw/library.csv
      md5: 1e2409f9e8f0f5291793d8f00d5bd0e8
      size: 142548
    - path: playlists/angry_instrumentals.yaml
      md5: 78bcdd2abefc186b212339f18457000d
      size: 146
    - path: scripts/hands-free/make_root_playlist.py
      md5: 53389afb956cc59dbb202b1073de7084
      size: 7118
    outs:
    - path: data/processed/angry_instrumentals.csv
      md5: 68fe3fbd013e84ba6915d57f946d5eda
      size: 32035
  load-hands-free-root-playlists@angry_instrumentals:
    cmd: python scripts/hands-free/load_playlist.py data/processed/angry_instrumentals.csv
      data/raw/play_history.csv
    deps:
    - path: data/processed/angry_instrumentals.csv
      md5: 68fe3fbd013e84ba6915d57f946d5eda
      size: 32035
    - path: data/raw/play_history.csv
      md5: 70aee1b31973a0a946e4b528e314ac48
      size: 382313
    - path: scripts/hands-free/load_playlist.py
      md5: 5020e94978a07bac0723e2c28c4c498d
      size: 4249
  build-hands-free-root-playlists@all_high_energy:
    cmd: python scripts/hands-free/make_root_playlist.py "playlists/all_high_energy.yaml"
      data/raw/library.csv data/raw/audio_features.csv data/raw/artists.csv "data/processed/all_high_energy.csv"
    deps:
    - path: data/raw/artists.csv
      md5: f60b982badb536236fd9e61a708e5346
      size: 58442
    - path: data/raw/audio_features.csv
      md5: bb84d54ba436e8571972d5cc59100dd5
      size: 148143
    - path: data/raw/library.csv
      md5: 1e2409f9e8f0f5291793d8f00d5bd0e8
      size: 142548
    - path: playlists/all_high_energy.yaml
      md5: d9bfc6eac3c771a8f48265339b56c334
      size: 85
    - path: scripts/hands-free/make_root_playlist.py
      md5: 53389afb956cc59dbb202b1073de7084
      size: 7118
    outs:
    - path: data/processed/all_high_energy.csv
      md5: 700e25cbe1d7eeb64ed59a99f1b1885f
      size: 104144
  load-hands-free-root-playlists@all_high_energy:
    cmd: python scripts/hands-free/load_playlist.py data/processed/all_high_energy.csv
      data/raw/play_history.csv
    deps:
    - path: data/processed/all_high_energy.csv
      md5: 700e25cbe1d7eeb64ed59a99f1b1885f
      size: 104144
    - path: data/raw/play_history.csv
      md5: 70aee1b31973a0a946e4b528e314ac48
      size: 382313
    - path: scripts/hands-free/load_playlist.py
      md5: 5020e94978a07bac0723e2c28c4c498d
      size: 4249
  build-hands-free-root-playlists@calm_instrumentals:
    cmd: python scripts/hands-free/make_root_playlist.py "playlists/calm_instrumentals.yaml"
      data/raw/library.csv data/raw/audio_features.csv data/raw/artists.csv "data/processed/calm_instrumentals.csv"
    deps:
    - path: data/raw/artists.csv
      md5: f60b982badb536236fd9e61a708e5346
      size: 58442
    - path: data/raw/audio_features.csv
      md5: bb84d54ba436e8571972d5cc59100dd5
      size: 148143
    - path: data/raw/library.csv
      md5: 1e2409f9e8f0f5291793d8f00d5bd0e8
      size: 142548
    - path: playlists/calm_instrumentals.yaml
      md5: 973a32ab188f4020bb8a458d8f22f2bf
      size: 197
    - path: scripts/hands-free/make_root_playlist.py
      md5: 53389afb956cc59dbb202b1073de7084
      size: 7118
    outs:
    - path: data/processed/calm_instrumentals.csv
      md5: 390f0d03c1c2688e6317ef1d06d3f343
      size: 17231
  load-hands-free-root-playlists@calm_instrumentals:
    cmd: python scripts/hands-free/load_playlist.py data/processed/calm_instrumentals.csv
      data/raw/play_history.csv
    deps:
    - path: data/processed/calm_instrumentals.csv
      md5: 390f0d03c1c2688e6317ef1d06d3f343
      size: 17231
    - path: data/raw/play_history.csv
      md5: 70aee1b31973a0a946e4b528e314ac48
      size: 382313
    - path: scripts/hands-free/load_playlist.py
      md5: 5020e94978a07bac0723e2c28c4c498d
      size: 4249
  build-hands-free-root-playlists@hip_hop:
    cmd: python scripts/hands-free/make_root_playlist.py "playlists/hip_hop.yaml"
      data/raw/library.csv data/raw/audio_features.csv data/raw/artists.csv "data/processed/hip_hop.csv"
    deps:
    - path: data/raw/artists.csv
      md5: f60b982badb536236fd9e61a708e5346
      size: 58442
    - path: data/raw/audio_features.csv
      md5: bb84d54ba436e8571972d5cc59100dd5
      size: 148143
    - path: data/raw/library.csv
      md5: 1e2409f9e8f0f5291793d8f00d5bd0e8
      size: 142548
    - path: playlists/hip_hop.yaml
      md5: 82493c9d1983b6083391f6ddac232d15
      size: 43
    - path: scripts/hands-free/make_root_playlist.py
      md5: 53389afb956cc59dbb202b1073de7084
      size: 7118
    outs:
    - path: data/processed/hip_hop.csv
      md5: 903dd3e476fb11488cdc549b407fcd7a
      size: 94953
  build-hands-free-root-playlists@wu_tang:
    cmd: python scripts/hands-free/make_root_playlist.py "playlists/wu_tang.yaml"
      data/raw/library.csv data/raw/audio_features.csv data/raw/artists.csv "data/processed/wu_tang.csv"
    deps:
    - path: data/raw/artists.csv
      md5: f60b982badb536236fd9e61a708e5346
      size: 58442
    - path: data/raw/audio_features.csv
      md5: bb84d54ba436e8571972d5cc59100dd5
      size: 148143
    - path: data/raw/library.csv
      md5: 1e2409f9e8f0f5291793d8f00d5bd0e8
      size: 142548
    - path: playlists/wu_tang.yaml
      md5: 794546a08598b9cc2e78599226b2a78e
      size: 138
    - path: scripts/hands-free/make_root_playlist.py
      md5: 53389afb956cc59dbb202b1073de7084
      size: 7118
    outs:
    - path: data/processed/wu_tang.csv
      md5: 0eb2ada3b8b9094eb77e8ebe49fbfba8
      size: 30512
  load-hands-free-root-playlists@hip_hop:
    cmd: python scripts/hands-free/load_playlist.py data/processed/hip_hop.csv data/raw/play_history.csv
    deps:
    - path: data/processed/hip_hop.csv
      md5: 903dd3e476fb11488cdc549b407fcd7a
      size: 94953
    - path: data/raw/play_history.csv
      md5: 70aee1b31973a0a946e4b528e314ac48
      size: 382313
    - path: scripts/hands-free/load_playlist.py
      md5: 5020e94978a07bac0723e2c28c4c498d
      size: 4249
  load-hands-free-root-playlists@wu_tang:
    cmd: python scripts/hands-free/load_playlist.py data/processed/wu_tang.csv data/raw/play_history.csv
    deps:
    - path: data/processed/wu_tang.csv
      md5: 0eb2ada3b8b9094eb77e8ebe49fbfba8
      size: 30512
    - path: data/raw/play_history.csv
      md5: 70aee1b31973a0a946e4b528e314ac48
      size: 382313
    - path: scripts/hands-free/load_playlist.py
      md5: 5020e94978a07bac0723e2c28c4c498d
      size: 4249
  build-hands-free-root-playlists@all_synthwave:
    cmd: python scripts/hands-free/make_root_playlist.py "playlists/all_synthwave.yaml"
      data/raw/library.csv data/raw/audio_features.csv data/raw/artists.csv "data/processed/all_synthwave.csv"
    deps:
    - path: data/raw/artists.csv
      md5: f60b982badb536236fd9e61a708e5346
      size: 58442
    - path: data/raw/audio_features.csv
      md5: bb84d54ba436e8571972d5cc59100dd5
      size: 148143
    - path: data/raw/library.csv
      md5: 1e2409f9e8f0f5291793d8f00d5bd0e8
      size: 142548
    - path: playlists/all_synthwave.yaml
      md5: ebab89122750bf7dfc3a4cd7cf115dc4
      size: 723
    - path: scripts/hands-free/make_root_playlist.py
      md5: 53389afb956cc59dbb202b1073de7084
      size: 7118
    outs:
    - path: data/processed/all_synthwave.csv
      md5: 01a4394c6062ca752f21473f1ecfc7d3
      size: 81404
  build-hands-free-root-playlists@synthwave_speed:
    cmd: python scripts/hands-free/make_root_playlist.py "playlists/synthwave_speed.yaml"
      data/raw/library.csv data/raw/audio_features.csv data/raw/artists.csv "data/processed/synthwave_speed.csv"
    deps:
    - path: data/raw/artists.csv
      md5: f60b982badb536236fd9e61a708e5346
      size: 58442
    - path: data/raw/audio_features.csv
      md5: bb84d54ba436e8571972d5cc59100dd5
      size: 148143
    - path: data/raw/library.csv
      md5: 1e2409f9e8f0f5291793d8f00d5bd0e8
      size: 142548
    - path: playlists/synthwave_speed.yaml
      md5: 8620eecf329a84257b37d939bf0463fc
      size: 764
    - path: scripts/hands-free/make_root_playlist.py
      md5: 53389afb956cc59dbb202b1073de7084
      size: 7118
    outs:
    - path: data/processed/synthwave_speed.csv
      md5: f4d5f6911983ee8cc8bcd177419c282f
      size: 69595
  load-hands-free-root-playlists@synthwave_speed:
    cmd: python scripts/hands-free/load_playlist.py data/processed/synthwave_speed.csv
      data/raw/play_history.csv
    deps:
    - path: data/processed/synthwave_speed.csv
      md5: f4d5f6911983ee8cc8bcd177419c282f
      size: 69595
    - path: data/raw/play_history.csv
      md5: 70aee1b31973a0a946e4b528e314ac48
      size: 382313
    - path: scripts/hands-free/load_playlist.py
      md5: 5020e94978a07bac0723e2c28c4c498d
      size: 4249
  load-hands-free-root-playlists@all_synthwave:
    cmd: python scripts/hands-free/load_playlist.py data/processed/all_synthwave.csv
      data/raw/play_history.csv
    deps:
    - path: data/processed/all_synthwave.csv
      md5: 01a4394c6062ca752f21473f1ecfc7d3
      size: 81404
    - path: data/raw/play_history.csv
      md5: 70aee1b31973a0a946e4b528e314ac48
      size: 382313
    - path: scripts/hands-free/load_playlist.py
      md5: 5020e94978a07bac0723e2c28c4c498d
      size: 4249
